# THIS IS AN AUTOGENERATED FILE. DO NOT EDIT THIS FILE DIRECTLY.
# yarn lockfile v1


unique-names-generator@^4.3.1:
  version "4.3.1"
  resolved "https://registry.yarnpkg.com/unique-names-generator/-/unique-names-generator-4.3.1.tgz#f61ec2290b2f865894af01afb40f3e1043bb8fa2"
  integrity sha512-oxkKrDXbwx6I5M963SdfmMH2t8n1OIfYyzoJ25BmDeETlyWAZjTbMXwIEMiQDex4lkD2pqe+9gxDJQAB2IOfDg==
